
Microsoft Visual Studio Solution File, Format Version 12.00
# Visual Studio 14
VisualStudioVersion = 14.0.23107.0
MinimumVisualStudioVersion = 10.0.40219.1
Project("{8BC9CEB8-8B4A-11D0-8D11-00A0C91BC942}") = "algorithms-and-data-structures", "algorithms-and-data-structures.vcxproj", "{F8D806B8-156B-46D1-99F2-8158BEF60A48}"
EndProject
Project("{888888A0-9F3D-457C-B088-3A5042F75D52}") = "priority-queue", "priority-queue\priority-queue.pyproj", "{0A91A37C-AE15-4631-BC14-AB80C87F9D06}"
EndProject
Global
	GlobalSection(SolutionConfigurationPlatforms) = preSolution
		Debug|Any CPU = Debug|Any CPU
		Debug|x64 = Debug|x64
		Debug|x86 = Debug|x86
		Release|Any CPU = Release|Any CPU
		Release|x64 = Release|x64
		Release|x86 = Release|x86
	EndGlobalSection
	GlobalSection(ProjectConfigurationPlatforms) = postSolution
		{F8D806B8-156B-46D1-99F2-8158BEF60A48}.Debug|Any CPU.ActiveCfg = Debug|Win32
		{F8D806B8-156B-46D1-99F2-8158BEF60A48}.Debug|x64.ActiveCfg = Debug|x64
		{F8D806B8-156B-46D1-99F2-8158BEF60A48}.Debug|x64.Build.0 = Debug|x64
		{F8D806B8-156B-46D1-99F2-8158BEF60A48}.Debug|x86.ActiveCfg = Debug|Win32
		{F8D806B8-156B-46D1-99F2-8158BEF60A48}.Debug|x86.Build.0 = Debug|Win32
		{F8D806B8-156B-46D1-99F2-8158BEF60A48}.Release|Any CPU.ActiveCfg = Release|Win32
		{F8D806B8-156B-46D1-99F2-8158BEF60A48}.Release|x64.ActiveCfg = Release|x64
		{F8D806B8-156B-46D1-99F2-8158BEF60A48}.Release|x64.Build.0 = Release|x64
		{F8D806B8-156B-46D1-99F2-8158BEF60A48}.Release|x86.ActiveCfg = Release|Win32
		{F8D806B8-156B-46D1-99F2-8158BEF60A48}.Release|x86.Build.0 = Release|Win32
		{0A91A37C-AE15-4631-BC14-AB80C87F9D06}.Debug|Any CPU.ActiveCfg = Debug|Any CPU
		{0A91A37C-AE15-4631-BC14-AB80C87F9D06}.Debug|x64.ActiveCfg = Debug|Any CPU
		{0A91A37C-AE15-4631-BC14-AB80C87F9D06}.Debug|x86.ActiveCfg = Debug|Any CPU
		{0A91A37C-AE15-4631-BC14-AB80C87F9D06}.Release|Any CPU.ActiveCfg = Release|Any CPU
		{0A91A37C-AE15-4631-BC14-AB80C87F9D06}.Release|x64.ActiveCfg = Release|Any CPU
		{0A91A37C-AE15-4631-BC14-AB80C87F9D06}.Release|x86.ActiveCfg = Release|Any CPU
	EndGlobalSection
	GlobalSection(SolutionProperties) = preSolution
		HideSolutionNode = FALSE
	EndGlobalSection
EndGlobal
