
Microsoft Visual Studio Solution File, Format Version 12.00
# Visual Studio 14
VisualStudioVersion = 14.0.23107.0
MinimumVisualStudioVersion = 10.0.40219.1
Project("{888888A0-9F3D-457C-B088-3A5042F75D52}") = "priority-queue", "priority-queue\priority-queue.pyproj", "{0A91A37C-AE15-4631-BC14-AB80C87F9D06}"
EndProject
Global
	GlobalSection(SolutionConfigurationPlatforms) = preSolution
		Debug|Any CPU = Debug|Any CPU
		Debug|x64 = Debug|x64
		Debug|x86 = Debug|x86
		Release|Any CPU = Release|Any CPU
		Release|x64 = Release|x64
		Release|x86 = Release|x86
	EndGlobalSection
	GlobalSection(ProjectConfigurationPlatforms) = postSolution
		{0A91A37C-AE15-4631-BC14-AB80C87F9D06}.Debug|Any CPU.ActiveCfg = Debug|Any CPU
		{0A91A37C-AE15-4631-BC14-AB80C87F9D06}.Debug|x64.ActiveCfg = Debug|Any CPU
		{0A91A37C-AE15-4631-BC14-AB80C87F9D06}.Debug|x86.ActiveCfg = Debug|Any CPU
		{0A91A37C-AE15-4631-BC14-AB80C87F9D06}.Release|Any CPU.ActiveCfg = Release|Any CPU
		{0A91A37C-AE15-4631-BC14-AB80C87F9D06}.Release|x64.ActiveCfg = Release|Any CPU
		{0A91A37C-AE15-4631-BC14-AB80C87F9D06}.Release|x86.ActiveCfg = Release|Any CPU
	EndGlobalSection
	GlobalSection(SolutionProperties) = preSolution
		HideSolutionNode = FALSE
	EndGlobalSection
EndGlobal
