
Microsoft Visual Studio Solution File, Format Version 12.00
# Visual Studio Express 2013 for Windows Desktop
VisualStudioVersion = 12.0.31101.0
MinimumVisualStudioVersion = 10.0.40219.1
Project("{8BC9CEB8-8B4A-11D0-8D11-00A0C91BC942}") = "insertion-sort", "insertion-sort\insertion-sort.vcxproj", "{09CCCB92-6294-43C6-9493-FA3F062C5AE8}"
EndProject
Project("{8BC9CEB8-8B4A-11D0-8D11-00A0C91BC942}") = "merge-sort", "merge-sort\merge-sort.vcxproj", "{DD8433AC-B9CD-4AE7-9173-167A636F1C17}"
EndProject
Project("{8BC9CEB8-8B4A-11D0-8D11-00A0C91BC942}") = "trie", "trie\trie.vcxproj", "{99D0F5E4-8546-4788-8BF1-2D4CD2A6369F}"
EndProject
Project("{8BC9CEB8-8B4A-11D0-8D11-00A0C91BC942}") = "josephus-problem", "josephus-problem\josephus-problem.vcxproj", "{20BF009C-CA00-4BBF-AF96-43B459984A2E}"
EndProject
Project("{8BC9CEB8-8B4A-11D0-8D11-00A0C91BC942}") = "quick-sort", "quick-sort\quick-sort.vcxproj", "{C8DD7A8B-7443-4323-ABB1-8BD5A98389D8}"
EndProject
Project("{8BC9CEB8-8B4A-11D0-8D11-00A0C91BC942}") = "binary-search-tree", "binary-search-tree\binary-search-tree.vcxproj", "{4BE68C03-7B99-49BB-A52D-0DA523313A34}"
EndProject
Global
	GlobalSection(SolutionConfigurationPlatforms) = preSolution
		Debug|Any CPU = Debug|Any CPU
		Debug|Mixed Platforms = Debug|Mixed Platforms
		Debug|Win32 = Debug|Win32
		Release|Any CPU = Release|Any CPU
		Release|Mixed Platforms = Release|Mixed Platforms
		Release|Win32 = Release|Win32
	EndGlobalSection
	GlobalSection(ProjectConfigurationPlatforms) = postSolution
		{09CCCB92-6294-43C6-9493-FA3F062C5AE8}.Debug|Any CPU.ActiveCfg = Debug|Win32
		{09CCCB92-6294-43C6-9493-FA3F062C5AE8}.Debug|Mixed Platforms.ActiveCfg = Debug|Win32
		{09CCCB92-6294-43C6-9493-FA3F062C5AE8}.Debug|Mixed Platforms.Build.0 = Debug|Win32
		{09CCCB92-6294-43C6-9493-FA3F062C5AE8}.Debug|Win32.ActiveCfg = Debug|Win32
		{09CCCB92-6294-43C6-9493-FA3F062C5AE8}.Debug|Win32.Build.0 = Debug|Win32
		{09CCCB92-6294-43C6-9493-FA3F062C5AE8}.Release|Any CPU.ActiveCfg = Release|Win32
		{09CCCB92-6294-43C6-9493-FA3F062C5AE8}.Release|Mixed Platforms.ActiveCfg = Release|Win32
		{09CCCB92-6294-43C6-9493-FA3F062C5AE8}.Release|Mixed Platforms.Build.0 = Release|Win32
		{09CCCB92-6294-43C6-9493-FA3F062C5AE8}.Release|Win32.ActiveCfg = Release|Win32
		{09CCCB92-6294-43C6-9493-FA3F062C5AE8}.Release|Win32.Build.0 = Release|Win32
		{DD8433AC-B9CD-4AE7-9173-167A636F1C17}.Debug|Any CPU.ActiveCfg = Debug|Win32
		{DD8433AC-B9CD-4AE7-9173-167A636F1C17}.Debug|Mixed Platforms.ActiveCfg = Debug|Win32
		{DD8433AC-B9CD-4AE7-9173-167A636F1C17}.Debug|Mixed Platforms.Build.0 = Debug|Win32
		{DD8433AC-B9CD-4AE7-9173-167A636F1C17}.Debug|Win32.ActiveCfg = Debug|Win32
		{DD8433AC-B9CD-4AE7-9173-167A636F1C17}.Debug|Win32.Build.0 = Debug|Win32
		{DD8433AC-B9CD-4AE7-9173-167A636F1C17}.Release|Any CPU.ActiveCfg = Release|Win32
		{DD8433AC-B9CD-4AE7-9173-167A636F1C17}.Release|Mixed Platforms.ActiveCfg = Release|Win32
		{DD8433AC-B9CD-4AE7-9173-167A636F1C17}.Release|Mixed Platforms.Build.0 = Release|Win32
		{DD8433AC-B9CD-4AE7-9173-167A636F1C17}.Release|Win32.ActiveCfg = Release|Win32
		{DD8433AC-B9CD-4AE7-9173-167A636F1C17}.Release|Win32.Build.0 = Release|Win32
		{99D0F5E4-8546-4788-8BF1-2D4CD2A6369F}.Debug|Any CPU.ActiveCfg = Debug|Win32
		{99D0F5E4-8546-4788-8BF1-2D4CD2A6369F}.Debug|Mixed Platforms.ActiveCfg = Debug|Win32
		{99D0F5E4-8546-4788-8BF1-2D4CD2A6369F}.Debug|Mixed Platforms.Build.0 = Debug|Win32
		{99D0F5E4-8546-4788-8BF1-2D4CD2A6369F}.Debug|Win32.ActiveCfg = Debug|Win32
		{99D0F5E4-8546-4788-8BF1-2D4CD2A6369F}.Debug|Win32.Build.0 = Debug|Win32
		{99D0F5E4-8546-4788-8BF1-2D4CD2A6369F}.Release|Any CPU.ActiveCfg = Release|Win32
		{99D0F5E4-8546-4788-8BF1-2D4CD2A6369F}.Release|Mixed Platforms.ActiveCfg = Release|Win32
		{99D0F5E4-8546-4788-8BF1-2D4CD2A6369F}.Release|Mixed Platforms.Build.0 = Release|Win32
		{99D0F5E4-8546-4788-8BF1-2D4CD2A6369F}.Release|Win32.ActiveCfg = Release|Win32
		{99D0F5E4-8546-4788-8BF1-2D4CD2A6369F}.Release|Win32.Build.0 = Release|Win32
		{20BF009C-CA00-4BBF-AF96-43B459984A2E}.Debug|Any CPU.ActiveCfg = Debug|Win32
		{20BF009C-CA00-4BBF-AF96-43B459984A2E}.Debug|Mixed Platforms.ActiveCfg = Debug|Win32
		{20BF009C-CA00-4BBF-AF96-43B459984A2E}.Debug|Mixed Platforms.Build.0 = Debug|Win32
		{20BF009C-CA00-4BBF-AF96-43B459984A2E}.Debug|Win32.ActiveCfg = Debug|Win32
		{20BF009C-CA00-4BBF-AF96-43B459984A2E}.Debug|Win32.Build.0 = Debug|Win32
		{20BF009C-CA00-4BBF-AF96-43B459984A2E}.Release|Any CPU.ActiveCfg = Release|Win32
		{20BF009C-CA00-4BBF-AF96-43B459984A2E}.Release|Mixed Platforms.ActiveCfg = Release|Win32
		{20BF009C-CA00-4BBF-AF96-43B459984A2E}.Release|Mixed Platforms.Build.0 = Release|Win32
		{20BF009C-CA00-4BBF-AF96-43B459984A2E}.Release|Win32.ActiveCfg = Release|Win32
		{20BF009C-CA00-4BBF-AF96-43B459984A2E}.Release|Win32.Build.0 = Release|Win32
		{C8DD7A8B-7443-4323-ABB1-8BD5A98389D8}.Debug|Any CPU.ActiveCfg = Debug|Win32
		{C8DD7A8B-7443-4323-ABB1-8BD5A98389D8}.Debug|Mixed Platforms.ActiveCfg = Debug|Win32
		{C8DD7A8B-7443-4323-ABB1-8BD5A98389D8}.Debug|Mixed Platforms.Build.0 = Debug|Win32
		{C8DD7A8B-7443-4323-ABB1-8BD5A98389D8}.Debug|Win32.ActiveCfg = Debug|Win32
		{C8DD7A8B-7443-4323-ABB1-8BD5A98389D8}.Debug|Win32.Build.0 = Debug|Win32
		{C8DD7A8B-7443-4323-ABB1-8BD5A98389D8}.Release|Any CPU.ActiveCfg = Release|Win32
		{C8DD7A8B-7443-4323-ABB1-8BD5A98389D8}.Release|Mixed Platforms.ActiveCfg = Release|Win32
		{C8DD7A8B-7443-4323-ABB1-8BD5A98389D8}.Release|Mixed Platforms.Build.0 = Release|Win32
		{C8DD7A8B-7443-4323-ABB1-8BD5A98389D8}.Release|Win32.ActiveCfg = Release|Win32
		{C8DD7A8B-7443-4323-ABB1-8BD5A98389D8}.Release|Win32.Build.0 = Release|Win32
		{4BE68C03-7B99-49BB-A52D-0DA523313A34}.Debug|Any CPU.ActiveCfg = Debug|Win32
		{4BE68C03-7B99-49BB-A52D-0DA523313A34}.Debug|Mixed Platforms.ActiveCfg = Debug|Win32
		{4BE68C03-7B99-49BB-A52D-0DA523313A34}.Debug|Mixed Platforms.Build.0 = Debug|Win32
		{4BE68C03-7B99-49BB-A52D-0DA523313A34}.Debug|Win32.ActiveCfg = Debug|Win32
		{4BE68C03-7B99-49BB-A52D-0DA523313A34}.Debug|Win32.Build.0 = Debug|Win32
		{4BE68C03-7B99-49BB-A52D-0DA523313A34}.Release|Any CPU.ActiveCfg = Release|Win32
		{4BE68C03-7B99-49BB-A52D-0DA523313A34}.Release|Mixed Platforms.ActiveCfg = Release|Win32
		{4BE68C03-7B99-49BB-A52D-0DA523313A34}.Release|Mixed Platforms.Build.0 = Release|Win32
		{4BE68C03-7B99-49BB-A52D-0DA523313A34}.Release|Win32.ActiveCfg = Release|Win32
		{4BE68C03-7B99-49BB-A52D-0DA523313A34}.Release|Win32.Build.0 = Release|Win32
	EndGlobalSection
	GlobalSection(SolutionProperties) = preSolution
		HideSolutionNode = FALSE
	EndGlobalSection
EndGlobal
